
Microsoft Visual Studio Solution File, Format Version 12.00
# Visual Studio Version 16
VisualStudioVersion = 16.0.30711.63
MinimumVisualStudioVersion = 10.0.40219.1
Project("{FAE04EC0-301F-11D3-BF4B-00C04F79EFBC}") = "CashTracker.Android", "CashTracker.Android\CashTracker.Android.csproj", "{1364AAB2-51E4-44A9-8E90-D325340059AC}"
EndProject
Project("{FAE04EC0-301F-11D3-BF4B-00C04F79EFBC}") = "CashTracker.iOS", "CashTracker.iOS\CashTracker.iOS.csproj", "{06B58359-3BCB-42A2-8E49-C72AA19914B4}"
EndProject
Project("{FAE04EC0-301F-11D3-BF4B-00C04F79EFBC}") = "CashTracker", "CashTracker\CashTracker.csproj", "{7A4DE685-6E63-4F8C-8017-ED84E42CD666}"
EndProject
Global
	GlobalSection(SolutionConfigurationPlatforms) = preSolution
		Debug|Any CPU = Debug|Any CPU
		Debug|iPhone = Debug|iPhone
		Debug|iPhoneSimulator = Debug|iPhoneSimulator
		Release|Any CPU = Release|Any CPU
		Release|iPhone = Release|iPhone
		Release|iPhoneSimulator = Release|iPhoneSimulator
	EndGlobalSection
	GlobalSection(ProjectConfigurationPlatforms) = postSolution
		{1364AAB2-51E4-44A9-8E90-D325340059AC}.Debug|Any CPU.ActiveCfg = Debug|Any CPU
		{1364AAB2-51E4-44A9-8E90-D325340059AC}.Debug|Any CPU.Build.0 = Debug|Any CPU
		{1364AAB2-51E4-44A9-8E90-D325340059AC}.Debug|Any CPU.Deploy.0 = Debug|Any CPU
		{1364AAB2-51E4-44A9-8E90-D325340059AC}.Debug|iPhone.ActiveCfg = Debug|Any CPU
		{1364AAB2-51E4-44A9-8E90-D325340059AC}.Debug|iPhone.Build.0 = Debug|Any CPU
		{1364AAB2-51E4-44A9-8E90-D325340059AC}.Debug|iPhone.Deploy.0 = Debug|Any CPU
		{1364AAB2-51E4-44A9-8E90-D325340059AC}.Debug|iPhoneSimulator.ActiveCfg = Debug|Any CPU
		{1364AAB2-51E4-44A9-8E90-D325340059AC}.Debug|iPhoneSimulator.Build.0 = Debug|Any CPU
		{1364AAB2-51E4-44A9-8E90-D325340059AC}.Debug|iPhoneSimulator.Deploy.0 = Debug|Any CPU
		{1364AAB2-51E4-44A9-8E90-D325340059AC}.Release|Any CPU.ActiveCfg = Release|Any CPU
		{1364AAB2-51E4-44A9-8E90-D325340059AC}.Release|Any CPU.Build.0 = Release|Any CPU
		{1364AAB2-51E4-44A9-8E90-D325340059AC}.Release|Any CPU.Deploy.0 = Release|Any CPU
		{1364AAB2-51E4-44A9-8E90-D325340059AC}.Release|iPhone.ActiveCfg = Release|Any CPU
		{1364AAB2-51E4-44A9-8E90-D325340059AC}.Release|iPhone.Build.0 = Release|Any CPU
		{1364AAB2-51E4-44A9-8E90-D325340059AC}.Release|iPhone.Deploy.0 = Release|Any CPU
		{1364AAB2-51E4-44A9-8E90-D325340059AC}.Release|iPhoneSimulator.ActiveCfg = Release|Any CPU
		{1364AAB2-51E4-44A9-8E90-D325340059AC}.Release|iPhoneSimulator.Build.0 = Release|Any CPU
		{1364AAB2-51E4-44A9-8E90-D325340059AC}.Release|iPhoneSimulator.Deploy.0 = Release|Any CPU
		{06B58359-3BCB-42A2-8E49-C72AA19914B4}.Debug|Any CPU.ActiveCfg = Debug|iPhone
		{06B58359-3BCB-42A2-8E49-C72AA19914B4}.Debug|Any CPU.Build.0 = Debug|iPhone
		{06B58359-3BCB-42A2-8E49-C72AA19914B4}.Debug|Any CPU.Deploy.0 = Debug|iPhone
		{06B58359-3BCB-42A2-8E49-C72AA19914B4}.Debug|iPhone.ActiveCfg = Debug|iPhone
		{06B58359-3BCB-42A2-8E49-C72AA19914B4}.Debug|iPhone.Build.0 = Debug|iPhone
		{06B58359-3BCB-42A2-8E49-C72AA19914B4}.Debug|iPhone.Deploy.0 = Debug|iPhone
		{06B58359-3BCB-42A2-8E49-C72AA19914B4}.Debug|iPhoneSimulator.ActiveCfg = Debug|iPhoneSimulator
		{06B58359-3BCB-42A2-8E49-C72AA19914B4}.Debug|iPhoneSimulator.Build.0 = Debug|iPhoneSimulator
		{06B58359-3BCB-42A2-8E49-C72AA19914B4}.Debug|iPhoneSimulator.Deploy.0 = Debug|iPhoneSimulator
		{06B58359-3BCB-42A2-8E49-C72AA19914B4}.Release|Any CPU.ActiveCfg = Release|iPhoneSimulator
		{06B58359-3BCB-42A2-8E49-C72AA19914B4}.Release|Any CPU.Build.0 = Release|iPhoneSimulator
		{06B58359-3BCB-42A2-8E49-C72AA19914B4}.Release|Any CPU.Deploy.0 = Release|iPhoneSimulator
		{06B58359-3BCB-42A2-8E49-C72AA19914B4}.Release|iPhone.ActiveCfg = Release|iPhone
		{06B58359-3BCB-42A2-8E49-C72AA19914B4}.Release|iPhone.Build.0 = Release|iPhone
		{06B58359-3BCB-42A2-8E49-C72AA19914B4}.Release|iPhone.Deploy.0 = Release|iPhone
		{06B58359-3BCB-42A2-8E49-C72AA19914B4}.Release|iPhoneSimulator.ActiveCfg = Release|iPhoneSimulator
		{06B58359-3BCB-42A2-8E49-C72AA19914B4}.Release|iPhoneSimulator.Build.0 = Release|iPhoneSimulator
		{06B58359-3BCB-42A2-8E49-C72AA19914B4}.Release|iPhoneSimulator.Deploy.0 = Release|iPhoneSimulator
		{7A4DE685-6E63-4F8C-8017-ED84E42CD666}.Debug|Any CPU.ActiveCfg = Debug|Any CPU
		{7A4DE685-6E63-4F8C-8017-ED84E42CD666}.Debug|Any CPU.Build.0 = Debug|Any CPU
		{7A4DE685-6E63-4F8C-8017-ED84E42CD666}.Debug|Any CPU.Deploy.0 = Debug|Any CPU
		{7A4DE685-6E63-4F8C-8017-ED84E42CD666}.Debug|iPhone.ActiveCfg = Debug|Any CPU
		{7A4DE685-6E63-4F8C-8017-ED84E42CD666}.Debug|iPhone.Build.0 = Debug|Any CPU
		{7A4DE685-6E63-4F8C-8017-ED84E42CD666}.Debug|iPhone.Deploy.0 = Debug|Any CPU
		{7A4DE685-6E63-4F8C-8017-ED84E42CD666}.Debug|iPhoneSimulator.ActiveCfg = Debug|Any CPU
		{7A4DE685-6E63-4F8C-8017-ED84E42CD666}.Debug|iPhoneSimulator.Build.0 = Debug|Any CPU
		{7A4DE685-6E63-4F8C-8017-ED84E42CD666}.Debug|iPhoneSimulator.Deploy.0 = Debug|Any CPU
		{7A4DE685-6E63-4F8C-8017-ED84E42CD666}.Release|Any CPU.ActiveCfg = Release|Any CPU
		{7A4DE685-6E63-4F8C-8017-ED84E42CD666}.Release|Any CPU.Build.0 = Release|Any CPU
		{7A4DE685-6E63-4F8C-8017-ED84E42CD666}.Release|Any CPU.Deploy.0 = Release|Any CPU
		{7A4DE685-6E63-4F8C-8017-ED84E42CD666}.Release|iPhone.ActiveCfg = Release|Any CPU
		{7A4DE685-6E63-4F8C-8017-ED84E42CD666}.Release|iPhone.Build.0 = Release|Any CPU
		{7A4DE685-6E63-4F8C-8017-ED84E42CD666}.Release|iPhone.Deploy.0 = Release|Any CPU
		{7A4DE685-6E63-4F8C-8017-ED84E42CD666}.Release|iPhoneSimulator.ActiveCfg = Release|Any CPU
		{7A4DE685-6E63-4F8C-8017-ED84E42CD666}.Release|iPhoneSimulator.Build.0 = Release|Any CPU
		{7A4DE685-6E63-4F8C-8017-ED84E42CD666}.Release|iPhoneSimulator.Deploy.0 = Release|Any CPU
	EndGlobalSection
	GlobalSection(SolutionProperties) = preSolution
		HideSolutionNode = FALSE
	EndGlobalSection
	GlobalSection(ExtensibilityGlobals) = postSolution
		SolutionGuid = {B8C4500F-8AD0-43FA-9661-4FE2EC92DA9A}
	EndGlobalSection
EndGlobal
